
Microsoft Visual Studio Solution File, Format Version 12.00
# Visual Studio 15
VisualStudioVersion = 15.0.28010.2041
MinimumVisualStudioVersion = 10.0.40219.1
Project("{FAE04EC0-301F-11D3-BF4B-00C04F79EFBC}") = "Trouble_Shoot", "Trouble_Shoot\Trouble_Shoot.csproj", "{46C2756D-BF02-422A-A842-B2145CFC168A}"
EndProject
Global
	GlobalSection(SolutionConfigurationPlatforms) = preSolution
		Debug|Any CPU = Debug|Any CPU
		Release|Any CPU = Release|Any CPU
	EndGlobalSection
	GlobalSection(ProjectConfigurationPlatforms) = postSolution
		{46C2756D-BF02-422A-A842-B2145CFC168A}.Debug|Any CPU.ActiveCfg = Debug|Any CPU
		{46C2756D-BF02-422A-A842-B2145CFC168A}.Debug|Any CPU.Build.0 = Debug|Any CPU
		{46C2756D-BF02-422A-A842-B2145CFC168A}.Release|Any CPU.ActiveCfg = Release|Any CPU
		{46C2756D-BF02-422A-A842-B2145CFC168A}.Release|Any CPU.Build.0 = Release|Any CPU
	EndGlobalSection
	GlobalSection(SolutionProperties) = preSolution
		HideSolutionNode = FALSE
	EndGlobalSection
	GlobalSection(ExtensibilityGlobals) = postSolution
		SolutionGuid = {06906BB1-8B18-4D59-82A1-B1D022CAA90A}
	EndGlobalSection
EndGlobal
